// !$*UTF8*$!
{
	archiveVersion = 1;
	classes = {
	};
	objectVersion = 50;
	objects = {

/* Begin PBXFileReference section */
		1920D2D7244A3ACD003FE415 /* scalmc */ = {isa = PBXFileReference; lastKnownFileType = folder; name = scalmc; path = ..; sourceTree = "<group>"; };
/* End PBXFileReference section */

/* Begin PBXGroup section */
		1920D2D0244A3AAF003FE415 = {
			isa = PBXGroup;
			children = (
				1920D2D7244A3ACD003FE415 /* scalmc */,
			);
			sourceTree = "<group>";
		};
/* End PBXGroup section */

/* Begin PBXProject section */
		1920D2D1244A3AAF003FE415 /* Project object */ = {
			isa = PBXProject;
			attributes = {
				LastUpgradeCheck = 1140;
			};
			buildConfigurationList = 1920D2D4244A3AAF003FE415 /* Build configuration list for PBXProject "scalmc" */;
			compatibilityVersion = "Xcode 9.3";
			developmentRegion = en;
			hasScannedForEncodings = 0;
			knownRegions = (
				en,
				Base,
			);
			mainGroup = 1920D2D0244A3AAF003FE415;
			projectDirPath = "";
			projectRoot = "";
			targets = (
			);
		};
/* End PBXProject section */

/* Begin XCBuildConfiguration section */
		1920D2D5244A3AAF003FE415 /* Debug */ = {
			isa = XCBuildConfiguration;
			buildSettings = {
			};
			name = Debug;
		};
		1920D2D6244A3AAF003FE415 /* Release */ = {
			isa = XCBuildConfiguration;
			buildSettings = {
			};
			name = Release;
		};
/* End XCBuildConfiguration section */

/* Begin XCConfigurationList section */
		1920D2D4244A3AAF003FE415 /* Build configuration list for PBXProject "scalmc" */ = {
			isa = XCConfigurationList;
			buildConfigurations = (
				1920D2D5244A3AAF003FE415 /* Debug */,
				1920D2D6244A3AAF003FE415 /* Release */,
			);
			defaultConfigurationIsVisible = 0;
			defaultConfigurationName = Release;
		};
/* End XCConfigurationList section */
	};
	rootObject = 1920D2D1244A3AAF003FE415 /* Project object */;
}
